// !$*UTF8*$!
{
	archiveVersion = 1;
	classes = {
	};
	objectVersion = 56;
	objects = {

/* Begin PBXBuildFile section */
		24227B0D2964CFBA00E36C32 /* AppDelegate.swift in Sources */ = {isa = PBXBuildFile; fileRef = 24227B0C2964CFBA00E36C32 /* AppDelegate.swift */; };
		24227B0F2964CFBA00E36C32 /* SceneDelegate.swift in Sources */ = {isa = PBXBuildFile; fileRef = 24227B0E2964CFBA00E36C32 /* SceneDelegate.swift */; };
		24227B112964CFBA00E36C32 /* ViewController.swift in Sources */ = {isa = PBXBuildFile; fileRef = 24227B102964CFBA00E36C32 /* ViewController.swift */; };
		24227B142964CFBA00E36C32 /* Main.storyboard in Resources */ = {isa = PBXBuildFile; fileRef = 24227B122964CFBA00E36C32 /* Main.storyboard */; };
		24227B162964CFBC00E36C32 /* Assets.xcassets in Resources */ = {isa = PBXBuildFile; fileRef = 24227B152964CFBC00E36C32 /* Assets.xcassets */; };
		24227B192964CFBC00E36C32 /* LaunchScreen.storyboard in Resources */ = {isa = PBXBuildFile; fileRef = 24227B172964CFBC00E36C32 /* LaunchScreen.storyboard */; };
		24227B242964CFBC00E36C32 /* wordlistTests.swift in Sources */ = {isa = PBXBuildFile; fileRef = 24227B232964CFBC00E36C32 /* wordlistTests.swift */; };
		24227B2E2964CFBC00E36C32 /* wordlistUITests.swift in Sources */ = {isa = PBXBuildFile; fileRef = 24227B2D2964CFBC00E36C32 /* wordlistUITests.swift */; };
		24227B302964CFBC00E36C32 /* wordlistUITestsLaunchTests.swift in Sources */ = {isa = PBXBuildFile; fileRef = 24227B2F2964CFBC00E36C32 /* wordlistUITestsLaunchTests.swift */; };
/* End PBXBuildFile section */

/* Begin PBXContainerItemProxy section */
		24227B202964CFBC00E36C32 /* PBXContainerItemProxy */ = {
			isa = PBXContainerItemProxy;
			containerPortal = 24227B012964CFB900E36C32 /* Project object */;
			proxyType = 1;
			remoteGlobalIDString = 24227B082964CFBA00E36C32;
			remoteInfo = wordlist;
		};
		24227B2A2964CFBC00E36C32 /* PBXContainerItemProxy */ = {
			isa = PBXContainerItemProxy;
			containerPortal = 24227B012964CFB900E36C32 /* Project object */;
			proxyType = 1;
			remoteGlobalIDString = 24227B082964CFBA00E36C32;
			remoteInfo = wordlist;
		};
/* End PBXContainerItemProxy section */

/* Begin PBXFileReference section */
		24227B092964CFBA00E36C32 /* wordlist.app */ = {isa = PBXFileReference; explicitFileType = wrapper.application; includeInIndex = 0; path = wordlist.app; sourceTree = BUILT_PRODUCTS_DIR; };
		24227B0C2964CFBA00E36C32 /* AppDelegate.swift */ = {isa = PBXFileReference; lastKnownFileType = sourcecode.swift; path = AppDelegate.swift; sourceTree = "<group>"; };
		24227B0E2964CFBA00E36C32 /* SceneDelegate.swift */ = {isa = PBXFileReference; lastKnownFileType = sourcecode.swift; path = SceneDelegate.swift; sourceTree = "<group>"; };
		24227B102964CFBA00E36C32 /* ViewController.swift */ = {isa = PBXFileReference; lastKnownFileType = sourcecode.swift; path = ViewController.swift; sourceTree = "<group>"; };
		24227B132964CFBA00E36C32 /* Base */ = {isa = PBXFileReference; lastKnownFileType = file.storyboard; name = Base; path = Base.lproj/Main.storyboard; sourceTree = "<group>"; };
		24227B152964CFBC00E36C32 /* Assets.xcassets */ = {isa = PBXFileReference; lastKnownFileType = folder.assetcatalog; path = Assets.xcassets; sourceTree = "<group>"; };
		24227B182964CFBC00E36C32 /* Base */ = {isa = PBXFileReference; lastKnownFileType = file.storyboard; name = Base; path = Base.lproj/LaunchScreen.storyboard; sourceTree = "<group>"; };
		24227B1A2964CFBC00E36C32 /* Info.plist */ = {isa = PBXFileReference; lastKnownFileType = text.plist.xml; path = Info.plist; sourceTree = "<group>"; };
		24227B1F2964CFBC00E36C32 /* wordlistTests.xctest */ = {isa = PBXFileReference; explicitFileType = wrapper.cfbundle; includeInIndex = 0; path = wordlistTests.xctest; sourceTree = BUILT_PRODUCTS_DIR; };
		24227B232964CFBC00E36C32 /* wordlistTests.swift */ = {isa = PBXFileReference; lastKnownFileType = sourcecode.swift; path = wordlistTests.swift; sourceTree = "<group>"; };
		24227B292964CFBC00E36C32 /* wordlistUITests.xctest */ = {isa = PBXFileReference; explicitFileType = wrapper.cfbundle; includeInIndex = 0; path = wordlistUITests.xctest; sourceTree = BUILT_PRODUCTS_DIR; };
		24227B2D2964CFBC00E36C32 /* wordlistUITests.swift */ = {isa = PBXFileReference; lastKnownFileType = sourcecode.swift; path = wordlistUITests.swift; sourceTree = "<group>"; };
		24227B2F2964CFBC00E36C32 /* wordlistUITestsLaunchTests.swift */ = {isa = PBXFileReference; lastKnownFileType = sourcecode.swift; path = wordlistUITestsLaunchTests.swift; sourceTree = "<group>"; };
/* End PBXFileReference section */

/* Begin PBXFrameworksBuildPhase section */
		24227B062964CFBA00E36C32 /* Frameworks */ = {
			isa = PBXFrameworksBuildPhase;
			buildActionMask = 2147483647;
			files = (
			);
			runOnlyForDeploymentPostprocessing = 0;
		};
		24227B1C2964CFBC00E36C32 /* Frameworks */ = {
			isa = PBXFrameworksBuildPhase;
			buildActionMask = 2147483647;
			files = (
			);
			runOnlyForDeploymentPostprocessing = 0;
		};
		24227B262964CFBC00E36C32 /* Frameworks */ = {
			isa = PBXFrameworksBuildPhase;
			buildActionMask = 2147483647;
			files = (
			);
			runOnlyForDeploymentPostprocessing = 0;
		};
/* End PBXFrameworksBuildPhase section */

/* Begin PBXGroup section */
		24227B002964CFB900E36C32 = {
			isa = PBXGroup;
			children = (
				24227B0B2964CFBA00E36C32 /* wordlist */,
				24227B222964CFBC00E36C32 /* wordlistTests */,
				24227B2C2964CFBC00E36C32 /* wordlistUITests */,
				24227B0A2964CFBA00E36C32 /* Products */,
			);
			sourceTree = "<group>";
		};
		24227B0A2964CFBA00E36C32 /* Products */ = {
			isa = PBXGroup;
			children = (
				24227B092964CFBA00E36C32 /* wordlist.app */,
				24227B1F2964CFBC00E36C32 /* wordlistTests.xctest */,
				24227B292964CFBC00E36C32 /* wordlistUITests.xctest */,
			);
			name = Products;
			sourceTree = "<group>";
		};
		24227B0B2964CFBA00E36C32 /* wordlist */ = {
			isa = PBXGroup;
			children = (
				24227B0C2964CFBA00E36C32 /* AppDelegate.swift */,
				24227B0E2964CFBA00E36C32 /* SceneDelegate.swift */,
				24227B102964CFBA00E36C32 /* ViewController.swift */,
				24227B122964CFBA00E36C32 /* Main.storyboard */,
				24227B152964CFBC00E36C32 /* Assets.xcassets */,
				24227B172964CFBC00E36C32 /* LaunchScreen.storyboard */,
				24227B1A2964CFBC00E36C32 /* Info.plist */,
			);
			path = wordlist;
			sourceTree = "<group>";
		};
		24227B222964CFBC00E36C32 /* wordlistTests */ = {
			isa = PBXGroup;
			children = (
				24227B232964CFBC00E36C32 /* wordlistTests.swift */,
			);
			path = wordlistTests;
			sourceTree = "<group>";
		};
		24227B2C2964CFBC00E36C32 /* wordlistUITests */ = {
			isa = PBXGroup;
			children = (
				24227B2D2964CFBC00E36C32 /* wordlistUITests.swift */,
				24227B2F2964CFBC00E36C32 /* wordlistUITestsLaunchTests.swift */,
			);
			path = wordlistUITests;
			sourceTree = "<group>";
		};
/* End PBXGroup section */

/* Begin PBXNativeTarget section */
		24227B082964CFBA00E36C32 /* wordlist */ = {
			isa = PBXNativeTarget;
			buildConfigurationList = 24227B332964CFBC00E36C32 /* Build configuration list for PBXNativeTarget "wordlist" */;
			buildPhases = (
				24227B052964CFBA00E36C32 /* Sources */,
				24227B062964CFBA00E36C32 /* Frameworks */,
				24227B072964CFBA00E36C32 /* Resources */,
			);
			buildRules = (
			);
			dependencies = (
			);
			name = wordlist;
			productName = wordlist;
			productReference = 24227B092964CFBA00E36C32 /* wordlist.app */;
			productType = "com.apple.product-type.application";
		};
		24227B1E2964CFBC00E36C32 /* wordlistTests */ = {
			isa = PBXNativeTarget;
			buildConfigurationList = 24227B362964CFBC00E36C32 /* Build configuration list for PBXNativeTarget "wordlistTests" */;
			buildPhases = (
				24227B1B2964CFBC00E36C32 /* Sources */,
				24227B1C2964CFBC00E36C32 /* Frameworks */,
				24227B1D2964CFBC00E36C32 /* Resources */,
			);
			buildRules = (
			);
			dependencies = (
				24227B212964CFBC00E36C32 /* PBXTargetDependency */,
			);
			name = wordlistTests;
			productName = wordlistTests;
			productReference = 24227B1F2964CFBC00E36C32 /* wordlistTests.xctest */;
			productType = "com.apple.product-type.bundle.unit-test";
		};
		24227B282964CFBC00E36C32 /* wordlistUITests */ = {
			isa = PBXNativeTarget;
			buildConfigurationList = 24227B392964CFBC00E36C32 /* Build configuration list for PBXNativeTarget "wordlistUITests" */;
			buildPhases = (
				24227B252964CFBC00E36C32 /* Sources */,
				24227B262964CFBC00E36C32 /* Frameworks */,
				24227B272964CFBC00E36C32 /* Resources */,
			);
			buildRules = (
			);
			dependencies = (
				24227B2B2964CFBC00E36C32 /* PBXTargetDependency */,
			);
			name = wordlistUITests;
			productName = wordlistUITests;
			productReference = 24227B292964CFBC00E36C32 /* wordlistUITests.xctest */;
			productType = "com.apple.product-type.bundle.ui-testing";
		};
/* End PBXNativeTarget section */

/* Begin PBXProject section */
		24227B012964CFB900E36C32 /* Project object */ = {
			isa = PBXProject;
			attributes = {
				BuildIndependentTargetsInParallel = 1;
				LastSwiftUpdateCheck = 1420;
				LastUpgradeCheck = 1420;
				TargetAttributes = {
					24227B082964CFBA00E36C32 = {
						CreatedOnToolsVersion = 14.2;
					};
					24227B1E2964CFBC00E36C32 = {
						CreatedOnToolsVersion = 14.2;
						TestTargetID = 24227B082964CFBA00E36C32;
					};
					24227B282964CFBC00E36C32 = {
						CreatedOnToolsVersion = 14.2;
						TestTargetID = 24227B082964CFBA00E36C32;
					};
				};
			};
			buildConfigurationList = 24227B042964CFB900E36C32 /* Build configuration list for PBXProject "wordlist" */;
			compatibilityVersion = "Xcode 14.0";
			developmentRegion = en;
			hasScannedForEncodings = 0;
			knownRegions = (
				en,
				Base,
			);
			mainGroup = 24227B002964CFB900E36C32;
			productRefGroup = 24227B0A2964CFBA00E36C32 /* Products */;
			projectDirPath = "";
			projectRoot = "";
			targets = (
				24227B082964CFBA00E36C32 /* wordlist */,
				24227B1E2964CFBC00E36C32 /* wordlistTests */,
				24227B282964CFBC00E36C32 /* wordlistUITests */,
			);
		};
/* End PBXProject section */

/* Begin PBXResourcesBuildPhase section */
		24227B072964CFBA00E36C32 /* Resources */ = {
			isa = PBXResourcesBuildPhase;
			buildActionMask = 2147483647;
			files = (
				24227B192964CFBC00E36C32 /* LaunchScreen.storyboard in Resources */,
				24227B162964CFBC00E36C32 /* Assets.xcassets in Resources */,
				24227B142964CFBA00E36C32 /* Main.storyboard in Resources */,
			);
			runOnlyForDeploymentPostprocessing = 0;
		};
		24227B1D2964CFBC00E36C32 /* Resources */ = {
			isa = PBXResourcesBuildPhase;
			buildActionMask = 2147483647;
			files = (
			);
			runOnlyForDeploymentPostprocessing = 0;
		};
		24227B272964CFBC00E36C32 /* Resources */ = {
			isa = PBXResourcesBuildPhase;
			buildActionMask = 2147483647;
			files = (
			);
			runOnlyForDeploymentPostprocessing = 0;
		};
/* End PBXResourcesBuildPhase section */

/* Begin PBXSourcesBuildPhase section */
		24227B052964CFBA00E36C32 /* Sources */ = {
			isa = PBXSourcesBuildPhase;
			buildActionMask = 2147483647;
			files = (
				24227B112964CFBA00E36C32 /* ViewController.swift in Sources */,
				24227B0D2964CFBA00E36C32 /* AppDelegate.swift in Sources */,
				24227B0F2964CFBA00E36C32 /* SceneDelegate.swift in Sources */,
			);
			runOnlyForDeploymentPostprocessing = 0;
		};
		24227B1B2964CFBC00E36C32 /* Sources */ = {
			isa = PBXSourcesBuildPhase;
			buildActionMask = 2147483647;
			files = (
				24227B242964CFBC00E36C32 /* wordlistTests.swift in Sources */,
			);
			runOnlyForDeploymentPostprocessing = 0;
		};
		24227B252964CFBC00E36C32 /* Sources */ = {
			isa = PBXSourcesBuildPhase;
			buildActionMask = 2147483647;
			files = (
				24227B302964CFBC00E36C32 /* wordlistUITestsLaunchTests.swift in Sources */,
				24227B2E2964CFBC00E36C32 /* wordlistUITests.swift in Sources */,
			);
			runOnlyForDeploymentPostprocessing = 0;
		};
/* End PBXSourcesBuildPhase section */

/* Begin PBXTargetDependency section */
		24227B212964CFBC00E36C32 /* PBXTargetDependency */ = {
			isa = PBXTargetDependency;
			target = 24227B082964CFBA00E36C32 /* wordlist */;
			targetProxy = 24227B202964CFBC00E36C32 /* PBXContainerItemProxy */;
		};
		24227B2B2964CFBC00E36C32 /* PBXTargetDependency */ = {
			isa = PBXTargetDependency;
			target = 24227B082964CFBA00E36C32 /* wordlist */;
			targetProxy = 24227B2A2964CFBC00E36C32 /* PBXContainerItemProxy */;
		};
/* End PBXTargetDependency section */

/* Begin PBXVariantGroup section */
		24227B122964CFBA00E36C32 /* Main.storyboard */ = {
			isa = PBXVariantGroup;
			children = (
				24227B132964CFBA00E36C32 /* Base */,
			);
			name = Main.storyboard;
			sourceTree = "<group>";
		};
		24227B172964CFBC00E36C32 /* LaunchScreen.storyboard */ = {
			isa = PBXVariantGroup;
			children = (
				24227B182964CFBC00E36C32 /* Base */,
			);
			name = LaunchScreen.storyboard;
			sourceTree = "<group>";
		};
/* End PBXVariantGroup section */

/* Begin XCBuildConfiguration section */
		24227B312964CFBC00E36C32 /* Debug */ = {
			isa = XCBuildConfiguration;
			buildSettings = {
				ALWAYS_SEARCH_USER_PATHS = NO;
				CLANG_ANALYZER_NONNULL = YES;
				CLANG_ANALYZER_NUMBER_OBJECT_CONVERSION = YES_AGGRESSIVE;
				CLANG_CXX_LANGUAGE_STANDARD = "gnu++20";
				CLANG_ENABLE_MODULES = YES;
				CLANG_ENABLE_OBJC_ARC = YES;
				CLANG_ENABLE_OBJC_WEAK = YES;
				CLANG_WARN_BLOCK_CAPTURE_AUTORELEASING = YES;
				CLANG_WARN_BOOL_CONVERSION = YES;
				CLANG_WARN_COMMA = YES;
				CLANG_WARN_CONSTANT_CONVERSION = YES;
				CLANG_WARN_DEPRECATED_OBJC_IMPLEMENTATIONS = YES;
				CLANG_WARN_DIRECT_OBJC_ISA_USAGE = YES_ERROR;
				CLANG_WARN_DOCUMENTATION_COMMENTS = YES;
				CLANG_WARN_EMPTY_BODY = YES;
				CLANG_WARN_ENUM_CONVERSION = YES;
				CLANG_WARN_INFINITE_RECURSION = YES;
				CLANG_WARN_INT_CONVERSION = YES;
				CLANG_WARN_NON_LITERAL_NULL_CONVERSION = YES;
				CLANG_WARN_OBJC_IMPLICIT_RETAIN_SELF = YES;
				CLANG_WARN_OBJC_LITERAL_CONVERSION = YES;
				CLANG_WARN_OBJC_ROOT_CLASS = YES_ERROR;
				CLANG_WARN_QUOTED_INCLUDE_IN_FRAMEWORK_HEADER = YES;
				CLANG_WARN_RANGE_LOOP_ANALYSIS = YES;
				CLANG_WARN_STRICT_PROTOTYPES = YES;
				CLANG_WARN_SUSPICIOUS_MOVE = YES;
				CLANG_WARN_UNGUARDED_AVAILABILITY = YES_AGGRESSIVE;
				CLANG_WARN_UNREACHABLE_CODE = YES;
				CLANG_WARN__DUPLICATE_METHOD_MATCH = YES;
				COPY_PHASE_STRIP = NO;
				DEBUG_INFORMATION_FORMAT = dwarf;
				ENABLE_STRICT_OBJC_MSGSEND = YES;
				ENABLE_TESTABILITY = YES;
				GCC_C_LANGUAGE_STANDARD = gnu11;
				GCC_DYNAMIC_NO_PIC = NO;
				GCC_NO_COMMON_BLOCKS = YES;
				GCC_OPTIMIZATION_LEVEL = 0;
				GCC_PREPROCESSOR_DEFINITIONS = (
					"DEBUG=1",
					"$(inherited)",
				);
				GCC_WARN_64_TO_32_BIT_CONVERSION = YES;
				GCC_WARN_ABOUT_RETURN_TYPE = YES_ERROR;
				GCC_WARN_UNDECLARED_SELECTOR = YES;
				GCC_WARN_UNINITIALIZED_AUTOS = YES_AGGRESSIVE;
				GCC_WARN_UNUSED_FUNCTION = YES;
				GCC_WARN_UNUSED_VARIABLE = YES;
				IPHONEOS_DEPLOYMENT_TARGET = 16.2;
				MTL_ENABLE_DEBUG_INFO = INCLUDE_SOURCE;
				MTL_FAST_MATH = YES;
				ONLY_ACTIVE_ARCH = YES;
				SDKROOT = iphoneos;
				SWIFT_ACTIVE_COMPILATION_CONDITIONS = DEBUG;
				SWIFT_OPTIMIZATION_LEVEL = "-Onone";
			};
			name = Debug;
		};
		24227B322964CFBC00E36C32 /* Release */ = {
			isa = XCBuildConfiguration;
			buildSettings = {
				ALWAYS_SEARCH_USER_PATHS = NO;
				CLANG_ANALYZER_NONNULL = YES;
				CLANG_ANALYZER_NUMBER_OBJECT_CONVERSION = YES_AGGRESSIVE;
				CLANG_CXX_LANGUAGE_STANDARD = "gnu++20";
				CLANG_ENABLE_MODULES = YES;
				CLANG_ENABLE_OBJC_ARC = YES;
				CLANG_ENABLE_OBJC_WEAK = YES;
				CLANG_WARN_BLOCK_CAPTURE_AUTORELEASING = YES;
				CLANG_WARN_BOOL_CONVERSION = YES;
				CLANG_WARN_COMMA = YES;
				CLANG_WARN_CONSTANT_CONVERSION = YES;
				CLANG_WARN_DEPRECATED_OBJC_IMPLEMENTATIONS = YES;
				CLANG_WARN_DIRECT_OBJC_ISA_USAGE = YES_ERROR;
				CLANG_WARN_DOCUMENTATION_COMMENTS = YES;
				CLANG_WARN_EMPTY_BODY = YES;
				CLANG_WARN_ENUM_CONVERSION = YES;
				CLANG_WARN_INFINITE_RECURSION = YES;
				CLANG_WARN_INT_CONVERSION = YES;
				CLANG_WARN_NON_LITERAL_NULL_CONVERSION = YES;
				CLANG_WARN_OBJC_IMPLICIT_RETAIN_SELF = YES;
				CLANG_WARN_OBJC_LITERAL_CONVERSION = YES;
				CLANG_WARN_OBJC_ROOT_CLASS = YES_ERROR;
				CLANG_WARN_QUOTED_INCLUDE_IN_FRAMEWORK_HEADER = YES;
				CLANG_WARN_RANGE_LOOP_ANALYSIS = YES;
				CLANG_WARN_STRICT_PROTOTYPES = YES;
				CLANG_WARN_SUSPICIOUS_MOVE = YES;
				CLANG_WARN_UNGUARDED_AVAILABILITY = YES_AGGRESSIVE;
				CLANG_WARN_UNREACHABLE_CODE = YES;
				CLANG_WARN__DUPLICATE_METHOD_MATCH = YES;
				COPY_PHASE_STRIP = NO;
				DEBUG_INFORMATION_FORMAT = "dwarf-with-dsym";
				ENABLE_NS_ASSERTIONS = NO;
				ENABLE_STRICT_OBJC_MSGSEND = YES;
				GCC_C_LANGUAGE_STANDARD = gnu11;
				GCC_NO_COMMON_BLOCKS = YES;
				GCC_WARN_64_TO_32_BIT_CONVERSION = YES;
				GCC_WARN_ABOUT_RETURN_TYPE = YES_ERROR;
				GCC_WARN_UNDECLARED_SELECTOR = YES;
				GCC_WARN_UNINITIALIZED_AUTOS = YES_AGGRESSIVE;
				GCC_WARN_UNUSED_FUNCTION = YES;
				GCC_WARN_UNUSED_VARIABLE = YES;
				IPHONEOS_DEPLOYMENT_TARGET = 16.2;
				MTL_ENABLE_DEBUG_INFO = NO;
				MTL_FAST_MATH = YES;
				SDKROOT = iphoneos;
				SWIFT_COMPILATION_MODE = wholemodule;
				SWIFT_OPTIMIZATION_LEVEL = "-O";
				VALIDATE_PRODUCT = YES;
			};
			name = Release;
		};
		24227B342964CFBC00E36C32 /* Debug */ = {
			isa = XCBuildConfiguration;
			buildSettings = {
				ASSETCATALOG_COMPILER_APPICON_NAME = AppIcon;
				ASSETCATALOG_COMPILER_GLOBAL_ACCENT_COLOR_NAME = AccentColor;
				CODE_SIGN_STYLE = Automatic;
				CURRENT_PROJECT_VERSION = 1;
				DEVELOPMENT_TEAM = YUD224BHAB;
				GENERATE_INFOPLIST_FILE = YES;
				INFOPLIST_FILE = wordlist/Info.plist;
				INFOPLIST_KEY_UIApplicationSupportsIndirectInputEvents = YES;
				INFOPLIST_KEY_UILaunchStoryboardName = LaunchScreen;
				INFOPLIST_KEY_UIMainStoryboardFile = Main;
				INFOPLIST_KEY_UISupportedInterfaceOrientations_iPad = "UIInterfaceOrientationPortrait UIInterfaceOrientationPortraitUpsideDown UIInterfaceOrientationLandscapeLeft UIInterfaceOrientationLandscapeRight";
				INFOPLIST_KEY_UISupportedInterfaceOrientations_iPhone = "UIInterfaceOrientationPortrait UIInterfaceOrientationLandscapeLeft UIInterfaceOrientationLandscapeRight";
				LD_RUNPATH_SEARCH_PATHS = (
					"$(inherited)",
					"@executable_path/Frameworks",
				);
				MARKETING_VERSION = 1.0;
				PRODUCT_BUNDLE_IDENTIFIER = v.wordlist;
				PRODUCT_NAME = "$(TARGET_NAME)";
				SWIFT_EMIT_LOC_STRINGS = YES;
				SWIFT_VERSION = 5.0;
				TARGETED_DEVICE_FAMILY = "1,2";
			};
			name = Debug;
		};
		24227B352964CFBC00E36C32 /* Release */ = {
			isa = XCBuildConfiguration;
			buildSettings = {
				ASSETCATALOG_COMPILER_APPICON_NAME = AppIcon;
				ASSETCATALOG_COMPILER_GLOBAL_ACCENT_COLOR_NAME = AccentColor;
				CODE_SIGN_STYLE = Automatic;
				CURRENT_PROJECT_VERSION = 1;
				DEVELOPMENT_TEAM = YUD224BHAB;
				GENERATE_INFOPLIST_FILE = YES;
				INFOPLIST_FILE = wordlist/Info.plist;
				INFOPLIST_KEY_UIApplicationSupportsIndirectInputEvents = YES;
				INFOPLIST_KEY_UILaunchStoryboardName = LaunchScreen;
				INFOPLIST_KEY_UIMainStoryboardFile = Main;
				INFOPLIST_KEY_UISupportedInterfaceOrientations_iPad = "UIInterfaceOrientationPortrait UIInterfaceOrientationPortraitUpsideDown UIInterfaceOrientationLandscapeLeft UIInterfaceOrientationLandscapeRight";
				INFOPLIST_KEY_UISupportedInterfaceOrientations_iPhone = "UIInterfaceOrientationPortrait UIInterfaceOrientationLandscapeLeft UIInterfaceOrientationLandscapeRight";
				LD_RUNPATH_SEARCH_PATHS = (
					"$(inherited)",
					"@executable_path/Frameworks",
				);
				MARKETING_VERSION = 1.0;
				PRODUCT_BUNDLE_IDENTIFIER = v.wordlist;
				PRODUCT_NAME = "$(TARGET_NAME)";
				SWIFT_EMIT_LOC_STRINGS = YES;
				SWIFT_VERSION = 5.0;
				TARGETED_DEVICE_FAMILY = "1,2";
			};
			name = Release;
		};
		24227B372964CFBC00E36C32 /* Debug */ = {
			isa = XCBuildConfiguration;
			buildSettings = {
				ALWAYS_EMBED_SWIFT_STANDARD_LIBRARIES = YES;
				BUNDLE_LOADER = "$(TEST_HOST)";
				CODE_SIGN_STYLE = Automatic;
				CURRENT_PROJECT_VERSION = 1;
				DEVELOPMENT_TEAM = YUD224BHAB;
				GENERATE_INFOPLIST_FILE = YES;
				IPHONEOS_DEPLOYMENT_TARGET = 16.2;
				MARKETING_VERSION = 1.0;
				PRODUCT_BUNDLE_IDENTIFIER = v.wordlistTests;
				PRODUCT_NAME = "$(TARGET_NAME)";
				SWIFT_EMIT_LOC_STRINGS = NO;
				SWIFT_VERSION = 5.0;
				TARGETED_DEVICE_FAMILY = "1,2";
				TEST_HOST = "$(BUILT_PRODUCTS_DIR)/wordlist.app/$(BUNDLE_EXECUTABLE_FOLDER_PATH)/wordlist";
			};
			name = Debug;
		};
		24227B382964CFBC00E36C32 /* Release */ = {
			isa = XCBuildConfiguration;
			buildSettings = {
				ALWAYS_EMBED_SWIFT_STANDARD_LIBRARIES = YES;
				BUNDLE_LOADER = "$(TEST_HOST)";
				CODE_SIGN_STYLE = Automatic;
				CURRENT_PROJECT_VERSION = 1;
				DEVELOPMENT_TEAM = YUD224BHAB;
				GENERATE_INFOPLIST_FILE = YES;
				IPHONEOS_DEPLOYMENT_TARGET = 16.2;
				MARKETING_VERSION = 1.0;
				PRODUCT_BUNDLE_IDENTIFIER = v.wordlistTests;
				PRODUCT_NAME = "$(TARGET_NAME)";
				SWIFT_EMIT_LOC_STRINGS = NO;
				SWIFT_VERSION = 5.0;
				TARGETED_DEVICE_FAMILY = "1,2";
				TEST_HOST = "$(BUILT_PRODUCTS_DIR)/wordlist.app/$(BUNDLE_EXECUTABLE_FOLDER_PATH)/wordlist";
			};
			name = Release;
		};
		24227B3A2964CFBC00E36C32 /* Debug */ = {
			isa = XCBuildConfiguration;
			buildSettings = {
				ALWAYS_EMBED_SWIFT_STANDARD_LIBRARIES = YES;
				CODE_SIGN_STYLE = Automatic;
				CURRENT_PROJECT_VERSION = 1;
				DEVELOPMENT_TEAM = YUD224BHAB;
				GENERATE_INFOPLIST_FILE = YES;
				MARKETING_VERSION = 1.0;
				PRODUCT_BUNDLE_IDENTIFIER = v.wordlistUITests;
				PRODUCT_NAME = "$(TARGET_NAME)";
				SWIFT_EMIT_LOC_STRINGS = NO;
				SWIFT_VERSION = 5.0;
				TARGETED_DEVICE_FAMILY = "1,2";
				TEST_TARGET_NAME = wordlist;
			};
			name = Debug;
		};
		24227B3B2964CFBC00E36C32 /* Release */ = {
			isa = XCBuildConfiguration;
			buildSettings = {
				ALWAYS_EMBED_SWIFT_STANDARD_LIBRARIES = YES;
				CODE_SIGN_STYLE = Automatic;
				CURRENT_PROJECT_VERSION = 1;
				DEVELOPMENT_TEAM = YUD224BHAB;
				GENERATE_INFOPLIST_FILE = YES;
				MARKETING_VERSION = 1.0;
				PRODUCT_BUNDLE_IDENTIFIER = v.wordlistUITests;
				PRODUCT_NAME = "$(TARGET_NAME)";
				SWIFT_EMIT_LOC_STRINGS = NO;
				SWIFT_VERSION = 5.0;
				TARGETED_DEVICE_FAMILY = "1,2";
				TEST_TARGET_NAME = wordlist;
			};
			name = Release;
		};
/* End XCBuildConfiguration section */

/* Begin XCConfigurationList section */
		24227B042964CFB900E36C32 /* Build configuration list for PBXProject "wordlist" */ = {
			isa = XCConfigurationList;
			buildConfigurations = (
				24227B312964CFBC00E36C32 /* Debug */,
				24227B322964CFBC00E36C32 /* Release */,
			);
			defaultConfigurationIsVisible = 0;
			defaultConfigurationName = Release;
		};
		24227B332964CFBC00E36C32 /* Build configuration list for PBXNativeTarget "wordlist" */ = {
			isa = XCConfigurationList;
			buildConfigurations = (
				24227B342964CFBC00E36C32 /* Debug */,
				24227B352964CFBC00E36C32 /* Release */,
			);
			defaultConfigurationIsVisible = 0;
			defaultConfigurationName = Release;
		};
		24227B362964CFBC00E36C32 /* Build configuration list for PBXNativeTarget "wordlistTests" */ = {
			isa = XCConfigurationList;
			buildConfigurations = (
				24227B372964CFBC00E36C32 /* Debug */,
				24227B382964CFBC00E36C32 /* Release */,
			);
			defaultConfigurationIsVisible = 0;
			defaultConfigurationName = Release;
		};
		24227B392964CFBC00E36C32 /* Build configuration list for PBXNativeTarget "wordlistUITests" */ = {
			isa = XCConfigurationList;
			buildConfigurations = (
				24227B3A2964CFBC00E36C32 /* Debug */,
				24227B3B2964CFBC00E36C32 /* Release */,
			);
			defaultConfigurationIsVisible = 0;
			defaultConfigurationName = Release;
		};
/* End XCConfigurationList section */
	};
	rootObject = 24227B012964CFB900E36C32 /* Project object */;
}
